
Microsoft Visual Studio Solution File, Format Version 12.00
# Visual Studio Version 16
VisualStudioVersion = 16.0.30011.22
MinimumVisualStudioVersion = 10.0.40219.1
Project("{FAE04EC0-301F-11D3-BF4B-00C04F79EFBC}") = "Umel.AdminUI", "Umel.AdminUI\Umel.AdminUI.csproj", "{43425364-2F80-4C0F-A4A8-6AF89DA90B73}"
EndProject
Project("{FAE04EC0-301F-11D3-BF4B-00C04F79EFBC}") = "Umel.Services", "Umel.Services\Umel.Services.csproj", "{DA730837-587E-4CFF-A6B4-1A82060C3214}"
EndProject
Project("{FAE04EC0-301F-11D3-BF4B-00C04F79EFBC}") = "Umel.DTO", "Umel.DTO\Umel.DTO.csproj", "{DAA6AFF3-37F7-4D11-BAF5-D6B961D11815}"
EndProject
Project("{FAE04EC0-301F-11D3-BF4B-00C04F79EFBC}") = "Umel.Repository", "Umel.Repository\Umel.Repository.csproj", "{FFED9580-B051-4C99-95E1-4249374CA165}"
EndProject
Project("{FAE04EC0-301F-11D3-BF4B-00C04F79EFBC}") = "Umel.Data", "Umel.Data\Umel.Data.csproj", "{49D134C0-D415-487F-866E-570C304E2101}"
EndProject
Global
	GlobalSection(SolutionConfigurationPlatforms) = preSolution
		Debug|Any CPU = Debug|Any CPU
		Release|Any CPU = Release|Any CPU
	EndGlobalSection
	GlobalSection(ProjectConfigurationPlatforms) = postSolution
		{43425364-2F80-4C0F-A4A8-6AF89DA90B73}.Debug|Any CPU.ActiveCfg = Debug|Any CPU
		{43425364-2F80-4C0F-A4A8-6AF89DA90B73}.Debug|Any CPU.Build.0 = Debug|Any CPU
		{43425364-2F80-4C0F-A4A8-6AF89DA90B73}.Release|Any CPU.ActiveCfg = Release|Any CPU
		{43425364-2F80-4C0F-A4A8-6AF89DA90B73}.Release|Any CPU.Build.0 = Release|Any CPU
		{DA730837-587E-4CFF-A6B4-1A82060C3214}.Debug|Any CPU.ActiveCfg = Debug|Any CPU
		{DA730837-587E-4CFF-A6B4-1A82060C3214}.Debug|Any CPU.Build.0 = Debug|Any CPU
		{DA730837-587E-4CFF-A6B4-1A82060C3214}.Release|Any CPU.ActiveCfg = Release|Any CPU
		{DA730837-587E-4CFF-A6B4-1A82060C3214}.Release|Any CPU.Build.0 = Release|Any CPU
		{DAA6AFF3-37F7-4D11-BAF5-D6B961D11815}.Debug|Any CPU.ActiveCfg = Debug|Any CPU
		{DAA6AFF3-37F7-4D11-BAF5-D6B961D11815}.Debug|Any CPU.Build.0 = Debug|Any CPU
		{DAA6AFF3-37F7-4D11-BAF5-D6B961D11815}.Release|Any CPU.ActiveCfg = Release|Any CPU
		{DAA6AFF3-37F7-4D11-BAF5-D6B961D11815}.Release|Any CPU.Build.0 = Release|Any CPU
		{FFED9580-B051-4C99-95E1-4249374CA165}.Debug|Any CPU.ActiveCfg = Debug|Any CPU
		{FFED9580-B051-4C99-95E1-4249374CA165}.Debug|Any CPU.Build.0 = Debug|Any CPU
		{FFED9580-B051-4C99-95E1-4249374CA165}.Release|Any CPU.ActiveCfg = Release|Any CPU
		{FFED9580-B051-4C99-95E1-4249374CA165}.Release|Any CPU.Build.0 = Release|Any CPU
		{49D134C0-D415-487F-866E-570C304E2101}.Debug|Any CPU.ActiveCfg = Debug|Any CPU
		{49D134C0-D415-487F-866E-570C304E2101}.Debug|Any CPU.Build.0 = Debug|Any CPU
		{49D134C0-D415-487F-866E-570C304E2101}.Release|Any CPU.ActiveCfg = Release|Any CPU
		{49D134C0-D415-487F-866E-570C304E2101}.Release|Any CPU.Build.0 = Release|Any CPU
	EndGlobalSection
	GlobalSection(SolutionProperties) = preSolution
		HideSolutionNode = FALSE
	EndGlobalSection
	GlobalSection(ExtensibilityGlobals) = postSolution
		SolutionGuid = {52AE06F8-DC60-4148-B720-7F9233D252CD}
	EndGlobalSection
EndGlobal
